{
    "requires": true,
    "lockfileVersion": 1,
    "dependencies": {
        "vuejs-countdown": {
            "version": "0.2.1",
            "resolved": "https://registry.npmjs.org/vuejs-countdown/-/vuejs-countdown-0.2.1.tgz",
            "integrity": "sha512-X0zirdW1Go+nhMis93sJz2fi3b82XEG3PmmlK9VnvmtQEHk8YcjuY8wOIxhzkD95h7sadK43sxbaVXRbpSmEpQ=="
        }
    }
}
